
Microsoft Visual Studio Solution File, Format Version 12.00
# Visual Studio 15
VisualStudioVersion = 15.0.28010.2036
MinimumVisualStudioVersion = 10.0.40219.1
Project("{FAE04EC0-301F-11D3-BF4B-00C04F79EFBC}") = "CaesarCipher", "CaesarCipher\CaesarCipher.csproj", "{5A6C0F81-2DEC-48B9-BFF8-64A242745B2E}"
EndProject
Project("{FAE04EC0-301F-11D3-BF4B-00C04F79EFBC}") = "CaesarCipherTest", "CaesarCipherTest\CaesarCipherTest.csproj", "{898AB917-6094-43CC-A3E5-B8F417237595}"
EndProject
Global
	GlobalSection(SolutionConfigurationPlatforms) = preSolution
		Debug|Any CPU = Debug|Any CPU
		Release|Any CPU = Release|Any CPU
	EndGlobalSection
	GlobalSection(ProjectConfigurationPlatforms) = postSolution
		{5A6C0F81-2DEC-48B9-BFF8-64A242745B2E}.Debug|Any CPU.ActiveCfg = Debug|Any CPU
		{5A6C0F81-2DEC-48B9-BFF8-64A242745B2E}.Debug|Any CPU.Build.0 = Debug|Any CPU
		{5A6C0F81-2DEC-48B9-BFF8-64A242745B2E}.Release|Any CPU.ActiveCfg = Release|Any CPU
		{5A6C0F81-2DEC-48B9-BFF8-64A242745B2E}.Release|Any CPU.Build.0 = Release|Any CPU
		{898AB917-6094-43CC-A3E5-B8F417237595}.Debug|Any CPU.ActiveCfg = Debug|Any CPU
		{898AB917-6094-43CC-A3E5-B8F417237595}.Debug|Any CPU.Build.0 = Debug|Any CPU
		{898AB917-6094-43CC-A3E5-B8F417237595}.Release|Any CPU.ActiveCfg = Release|Any CPU
		{898AB917-6094-43CC-A3E5-B8F417237595}.Release|Any CPU.Build.0 = Release|Any CPU
	EndGlobalSection
	GlobalSection(SolutionProperties) = preSolution
		HideSolutionNode = FALSE
	EndGlobalSection
	GlobalSection(ExtensibilityGlobals) = postSolution
		SolutionGuid = {D5FE5868-B773-4A63-8FF8-AD0E0B0AECDF}
	EndGlobalSection
EndGlobal
